// !$*UTF8*$!
{
	archiveVersion = 1;
	classes = {
	};
	objectVersion = 54;
	objects = {

/* Begin PBXBuildFile section */
		0004788711E54948AE761D01 /* Inter_18pt-BlackItalic.ttf in Resources */ = {isa = PBXBuildFile; fileRef = 41B6D3578ECF468099507906 /* Inter_18pt-BlackItalic.ttf */; };
		00E356F31AD99517003FC87E /* SocialMediaAppTests.m in Sources */ = {isa = PBXBuildFile; fileRef = 00E356F21AD99517003FC87E /* SocialMediaAppTests.m */; };
		05F6498C13334B11984C09A2 /* Inter_28pt-Italic.ttf in Resources */ = {isa = PBXBuildFile; fileRef = 322EE54D36534DA885980D7C /* Inter_28pt-Italic.ttf */; };
		0C50F97B602D47379518409B /* Inter_28pt-SemiBold.ttf in Resources */ = {isa = PBXBuildFile; fileRef = D4175ECEA5974166A5D68D74 /* Inter_28pt-SemiBold.ttf */; };
		108358140C40455D9AE39329 /* Inter_28pt-Regular.ttf in Resources */ = {isa = PBXBuildFile; fileRef = 3C4027820D55412E92FA9DD5 /* Inter_28pt-Regular.ttf */; };
		13B07FBC1A68108700A75B9A /* AppDelegate.mm in Sources */ = {isa = PBXBuildFile; fileRef = 13B07FB01A68108700A75B9A /* AppDelegate.mm */; };
		13B07FBF1A68108700A75B9A /* Images.xcassets in Resources */ = {isa = PBXBuildFile; fileRef = 13B07FB51A68108700A75B9A /* Images.xcassets */; };
		13B07FC11A68108700A75B9A /* main.m in Sources */ = {isa = PBXBuildFile; fileRef = 13B07FB71A68108700A75B9A /* main.m */; };
		1406599EE4784046B556B86A /* Inter_24pt-SemiBold.ttf in Resources */ = {isa = PBXBuildFile; fileRef = 3CCE422B18264F208AB35667 /* Inter_24pt-SemiBold.ttf */; };
		169BAC7210964B3C801BB52B /* Inter_24pt-BoldItalic.ttf in Resources */ = {isa = PBXBuildFile; fileRef = 8150DD80BC674FF69DCE4A20 /* Inter_24pt-BoldItalic.ttf */; };
		17C77F10A45A4119B5F62220 /* Inter_24pt-SemiBoldItalic.ttf in Resources */ = {isa = PBXBuildFile; fileRef = EFA3F58EF7CF4B68A93F9699 /* Inter_24pt-SemiBoldItalic.ttf */; };
		226F0CA6B82740FABCF7ECA6 /* Inter_18pt-SemiBold.ttf in Resources */ = {isa = PBXBuildFile; fileRef = 24A87AE72E1C493FB204EB3C /* Inter_18pt-SemiBold.ttf */; };
		2A5B2A44CA13496983B17F58 /* Inter_18pt-Bold.ttf in Resources */ = {isa = PBXBuildFile; fileRef = 564090F01E4841CBB0EDAE7C /* Inter_18pt-Bold.ttf */; };
		2AAFB7808DA047D69089F666 /* Inter_24pt-ExtraLightItalic.ttf in Resources */ = {isa = PBXBuildFile; fileRef = A6EE65B0FA5544BA99A6909F /* Inter_24pt-ExtraLightItalic.ttf */; };
		33B23A28A4EB4F358397D9AA /* Inter_24pt-ExtraBoldItalic.ttf in Resources */ = {isa = PBXBuildFile; fileRef = BD98DA2235774E1AAAE526BB /* Inter_24pt-ExtraBoldItalic.ttf */; };
		36C7D30761064E93B415A2BD /* Inter_18pt-Thin.ttf in Resources */ = {isa = PBXBuildFile; fileRef = 519B4C94C2AB4B81A026246B /* Inter_18pt-Thin.ttf */; };
		3CB92C41DE1548ADAD26B21F /* Inter_24pt-Italic.ttf in Resources */ = {isa = PBXBuildFile; fileRef = FD75DB97905C49D7BBFEC28F /* Inter_24pt-Italic.ttf */; };
		4A71DBBA21B4424498649842 /* Inter_18pt-MediumItalic.ttf in Resources */ = {isa = PBXBuildFile; fileRef = F719533344964536ADE4E8C7 /* Inter_18pt-MediumItalic.ttf */; };
		4B522FEB4E4F4A5CA4E761C3 /* Inter_18pt-Light.ttf in Resources */ = {isa = PBXBuildFile; fileRef = CA92FBCD92F047B29C4AF78B /* Inter_18pt-Light.ttf */; };
		4E4DB7BACB2B43E19013773E /* Inter_28pt-ExtraBoldItalic.ttf in Resources */ = {isa = PBXBuildFile; fileRef = 3181ADBEAA6D41BD910CA12C /* Inter_28pt-ExtraBoldItalic.ttf */; };
		50D89031B00243D1B22C4868 /* Inter_28pt-SemiBoldItalic.ttf in Resources */ = {isa = PBXBuildFile; fileRef = E0475EADBC404A1894474F27 /* Inter_28pt-SemiBoldItalic.ttf */; };
		58C765AE87194D56BB807A86 /* Inter_18pt-ExtraBold.ttf in Resources */ = {isa = PBXBuildFile; fileRef = 5C4339E6FA71493D98C9138D /* Inter_18pt-ExtraBold.ttf */; };
		58F13CF1BAA84E19BCC756BF /* Inter_28pt-ExtraBold.ttf in Resources */ = {isa = PBXBuildFile; fileRef = 0D8C89A2DFDF414CA24B70B7 /* Inter_28pt-ExtraBold.ttf */; };
		5FBB5D05118849B981DC5317 /* Inter_18pt-Italic.ttf in Resources */ = {isa = PBXBuildFile; fileRef = B75E648946004A9DA4B43F08 /* Inter_18pt-Italic.ttf */; };
		668032865C014F91945396F8 /* Inter_18pt-SemiBoldItalic.ttf in Resources */ = {isa = PBXBuildFile; fileRef = 52840B021D694B6E98ABCA00 /* Inter_18pt-SemiBoldItalic.ttf */; };
		6A73BF9611C143EB87EACE37 /* Inter_24pt-Regular.ttf in Resources */ = {isa = PBXBuildFile; fileRef = E93D659FC23F4FD5B99455E0 /* Inter_24pt-Regular.ttf */; };
		6F7052F26E4A4D488B000B90 /* Inter_28pt-Thin.ttf in Resources */ = {isa = PBXBuildFile; fileRef = 9998539DD1554D2BA2DF6818 /* Inter_28pt-Thin.ttf */; };
		725B2493F97947BBBA588FE0 /* Inter_24pt-ThinItalic.ttf in Resources */ = {isa = PBXBuildFile; fileRef = E4A50C731D75454D9F3EC17D /* Inter_24pt-ThinItalic.ttf */; };
		75917447FD4C25A185908E0E /* Pods_SocialMediaAppTests.framework in Frameworks */ = {isa = PBXBuildFile; fileRef = 05008E21D006F152C2DD6C1E /* Pods_SocialMediaAppTests.framework */; };
		81AB9BB82411601600AC10FF /* LaunchScreen.storyboard in Resources */ = {isa = PBXBuildFile; fileRef = 81AB9BB72411601600AC10FF /* LaunchScreen.storyboard */; };
		82D2247677B642ADAAD54C34 /* Inter_18pt-BoldItalic.ttf in Resources */ = {isa = PBXBuildFile; fileRef = CE6DA49E6C6144079F411090 /* Inter_18pt-BoldItalic.ttf */; };
		86CF4B558FBA4CE4B1A2062C /* Inter_24pt-Thin.ttf in Resources */ = {isa = PBXBuildFile; fileRef = 09C73BD1AEE242F6BE67435B /* Inter_24pt-Thin.ttf */; };
		871A543DCF034CB2905C8DF6 /* Inter_24pt-Black.ttf in Resources */ = {isa = PBXBuildFile; fileRef = 34CB40270E954629A622A468 /* Inter_24pt-Black.ttf */; };
		88C646A68F334401A8B97E85 /* Inter_18pt-Medium.ttf in Resources */ = {isa = PBXBuildFile; fileRef = E4D2EE3C0B814EB3BFDF1328 /* Inter_18pt-Medium.ttf */; };
		8AE3AA17F86540BCB84A5C13 /* Inter_28pt-ExtraLight.ttf in Resources */ = {isa = PBXBuildFile; fileRef = 4803F7B0DFA94F3886CBED46 /* Inter_28pt-ExtraLight.ttf */; };
		90A7862E9D1944809201AE43 /* Inter_28pt-Black.ttf in Resources */ = {isa = PBXBuildFile; fileRef = 4BEE56C6E5994F6992687C13 /* Inter_28pt-Black.ttf */; };
		91F80AD3049D45F983F7BFE8 /* Inter_24pt-ExtraLight.ttf in Resources */ = {isa = PBXBuildFile; fileRef = A0C67E5C480145D2AACD087D /* Inter_24pt-ExtraLight.ttf */; };
		988B1096F13D4D05ADABC9FF /* Inter_24pt-ExtraBold.ttf in Resources */ = {isa = PBXBuildFile; fileRef = C08365FB8E5C4AC382518A5C /* Inter_24pt-ExtraBold.ttf */; };
		9BB8B71B93A94BEA95736530 /* Inter_18pt-LightItalic.ttf in Resources */ = {isa = PBXBuildFile; fileRef = AB6121D90FE74DDDA48A5EF5 /* Inter_18pt-LightItalic.ttf */; };
		9D851D7C885FFBA031B23FA0 /* Pods_SocialMediaApp.framework in Frameworks */ = {isa = PBXBuildFile; fileRef = E1A26A1B554681652DDB4734 /* Pods_SocialMediaApp.framework */; };
		A2381E3658F04BF0A59E5B0B /* Inter_18pt-Regular.ttf in Resources */ = {isa = PBXBuildFile; fileRef = 1445788BE6BE4247B29B217A /* Inter_18pt-Regular.ttf */; };
		A6C01EC5055F471A9B9AAFF6 /* Inter_28pt-Light.ttf in Resources */ = {isa = PBXBuildFile; fileRef = 61FD60E60D57461D87108AA7 /* Inter_28pt-Light.ttf */; };
		A802F959A75147CE85E205A6 /* Inter_18pt-ThinItalic.ttf in Resources */ = {isa = PBXBuildFile; fileRef = 596A956781974EDC8CB08340 /* Inter_18pt-ThinItalic.ttf */; };
		AE85386980DE4BF5ABBD53E4 /* Inter_18pt-Black.ttf in Resources */ = {isa = PBXBuildFile; fileRef = 72881A956E944BFAAC8472F3 /* Inter_18pt-Black.ttf */; };
		B9C85AC30B474C8ABB15161E /* Inter_18pt-ExtraLightItalic.ttf in Resources */ = {isa = PBXBuildFile; fileRef = E6BCF9A0AC55467788F1C109 /* Inter_18pt-ExtraLightItalic.ttf */; };
		BA24F148BD274925B8F45BB4 /* Inter_18pt-ExtraBoldItalic.ttf in Resources */ = {isa = PBXBuildFile; fileRef = FF44C5E4483041EC8CF14010 /* Inter_18pt-ExtraBoldItalic.ttf */; };
		C1CF340DA3AF444486D7B418 /* Inter_24pt-BlackItalic.ttf in Resources */ = {isa = PBXBuildFile; fileRef = 17F7883724B943DBBE9C3116 /* Inter_24pt-BlackItalic.ttf */; };
		C2FA6D647C26407C988F7C28 /* Inter_18pt-ExtraLight.ttf in Resources */ = {isa = PBXBuildFile; fileRef = 5516F6CFAE774A2DAD3D4569 /* Inter_18pt-ExtraLight.ttf */; };
		C7552C87237B4A93B835ACF4 /* Inter_28pt-Medium.ttf in Resources */ = {isa = PBXBuildFile; fileRef = 58E1D7BF0FDD4F859FA3431F /* Inter_28pt-Medium.ttf */; };
		C998A582066E4CB7B0CD4458 /* Inter_24pt-MediumItalic.ttf in Resources */ = {isa = PBXBuildFile; fileRef = AED35BAA560145E2B993442D /* Inter_24pt-MediumItalic.ttf */; };
		CAE2E76598E140FE85C9B9C8 /* Inter_24pt-LightItalic.ttf in Resources */ = {isa = PBXBuildFile; fileRef = 64862E6DFCB74286B4245723 /* Inter_24pt-LightItalic.ttf */; };
		CBCB936C31D043D59FFA49D5 /* Inter_24pt-Bold.ttf in Resources */ = {isa = PBXBuildFile; fileRef = 59F10100D44444B182E596BF /* Inter_24pt-Bold.ttf */; };
		CC41257090BC4277B8E0CF84 /* Inter_28pt-BoldItalic.ttf in Resources */ = {isa = PBXBuildFile; fileRef = A0CA26E9F5E84940B01CD5C7 /* Inter_28pt-BoldItalic.ttf */; };
		DF06120B8B964D8D8D35073F /* Inter_28pt-LightItalic.ttf in Resources */ = {isa = PBXBuildFile; fileRef = F38D7683393C4171AEB0C602 /* Inter_28pt-LightItalic.ttf */; };
		E6617909EFDB4C418112A06E /* Inter_28pt-ExtraLightItalic.ttf in Resources */ = {isa = PBXBuildFile; fileRef = 8CB31C80FF554F99B46D2A0D /* Inter_28pt-ExtraLightItalic.ttf */; };
		E98BC1FFE4D145D5AF0861AA /* Inter_24pt-Light.ttf in Resources */ = {isa = PBXBuildFile; fileRef = 7AC9B00AE9DD4DB6AA257223 /* Inter_24pt-Light.ttf */; };
		EF040A3D163C4D1687C342BE /* Inter_28pt-ThinItalic.ttf in Resources */ = {isa = PBXBuildFile; fileRef = F20AA934C8E7491ABD1190C5 /* Inter_28pt-ThinItalic.ttf */; };
		F10034022672489CB47A8119 /* Inter_28pt-MediumItalic.ttf in Resources */ = {isa = PBXBuildFile; fileRef = 07B07AD39AEC40E390EDF370 /* Inter_28pt-MediumItalic.ttf */; };
		F4023BAFBD4A4A218E4ECC5A /* Inter_28pt-Bold.ttf in Resources */ = {isa = PBXBuildFile; fileRef = 42C0034116684BA3BF6F12BA /* Inter_28pt-Bold.ttf */; };
		FBE3562E15BE450F85F85E71 /* Inter_24pt-Medium.ttf in Resources */ = {isa = PBXBuildFile; fileRef = 09A7847C6D4248979EFAF08F /* Inter_24pt-Medium.ttf */; };
		FC4A3D3960B647F8A58CF30A /* Inter_28pt-BlackItalic.ttf in Resources */ = {isa = PBXBuildFile; fileRef = 8022CA1D5C204CD382933037 /* Inter_28pt-BlackItalic.ttf */; };
/* End PBXBuildFile section */

/* Begin PBXContainerItemProxy section */
		00E356F41AD99517003FC87E /* PBXContainerItemProxy */ = {
			isa = PBXContainerItemProxy;
			containerPortal = 83CBB9F71A601CBA00E9B192 /* Project object */;
			proxyType = 1;
			remoteGlobalIDString = 13B07F861A680F5B00A75B9A;
			remoteInfo = SocialMediaApp;
		};
/* End PBXContainerItemProxy section */

/* Begin PBXFileReference section */
		00E356EE1AD99517003FC87E /* SocialMediaAppTests.xctest */ = {isa = PBXFileReference; explicitFileType = wrapper.cfbundle; includeInIndex = 0; path = SocialMediaAppTests.xctest; sourceTree = BUILT_PRODUCTS_DIR; };
		00E356F11AD99517003FC87E /* Info.plist */ = {isa = PBXFileReference; lastKnownFileType = text.plist.xml; path = Info.plist; sourceTree = "<group>"; };
		00E356F21AD99517003FC87E /* SocialMediaAppTests.m */ = {isa = PBXFileReference; lastKnownFileType = sourcecode.c.objc; path = SocialMediaAppTests.m; sourceTree = "<group>"; };
		05008E21D006F152C2DD6C1E /* Pods_SocialMediaAppTests.framework */ = {isa = PBXFileReference; explicitFileType = wrapper.framework; includeInIndex = 0; path = Pods_SocialMediaAppTests.framework; sourceTree = BUILT_PRODUCTS_DIR; };
		07B07AD39AEC40E390EDF370 /* Inter_28pt-MediumItalic.ttf */ = {isa = PBXFileReference; explicitFileType = undefined; fileEncoding = undefined; includeInIndex = 0; lastKnownFileType = unknown; name = "Inter_28pt-MediumItalic.ttf"; path = "../assets/fonts/Inter_28pt-MediumItalic.ttf"; sourceTree = "<group>"; };
		09A7847C6D4248979EFAF08F /* Inter_24pt-Medium.ttf */ = {isa = PBXFileReference; explicitFileType = undefined; fileEncoding = undefined; includeInIndex = 0; lastKnownFileType = unknown; name = "Inter_24pt-Medium.ttf"; path = "../assets/fonts/Inter_24pt-Medium.ttf"; sourceTree = "<group>"; };
		09C73BD1AEE242F6BE67435B /* Inter_24pt-Thin.ttf */ = {isa = PBXFileReference; explicitFileType = undefined; fileEncoding = undefined; includeInIndex = 0; lastKnownFileType = unknown; name = "Inter_24pt-Thin.ttf"; path = "../assets/fonts/Inter_24pt-Thin.ttf"; sourceTree = "<group>"; };
		0D8C89A2DFDF414CA24B70B7 /* Inter_28pt-ExtraBold.ttf */ = {isa = PBXFileReference; explicitFileType = undefined; fileEncoding = undefined; includeInIndex = 0; lastKnownFileType = unknown; name = "Inter_28pt-ExtraBold.ttf"; path = "../assets/fonts/Inter_28pt-ExtraBold.ttf"; sourceTree = "<group>"; };
		13B07F961A680F5B00A75B9A /* SocialMediaApp.app */ = {isa = PBXFileReference; explicitFileType = wrapper.application; includeInIndex = 0; path = SocialMediaApp.app; sourceTree = BUILT_PRODUCTS_DIR; };
		13B07FAF1A68108700A75B9A /* AppDelegate.h */ = {isa = PBXFileReference; fileEncoding = 4; lastKnownFileType = sourcecode.c.h; name = AppDelegate.h; path = SocialMediaApp/AppDelegate.h; sourceTree = "<group>"; };
		13B07FB01A68108700A75B9A /* AppDelegate.mm */ = {isa = PBXFileReference; fileEncoding = 4; lastKnownFileType = sourcecode.cpp.objcpp; name = AppDelegate.mm; path = SocialMediaApp/AppDelegate.mm; sourceTree = "<group>"; };
		13B07FB51A68108700A75B9A /* Images.xcassets */ = {isa = PBXFileReference; lastKnownFileType = folder.assetcatalog; name = Images.xcassets; path = SocialMediaApp/Images.xcassets; sourceTree = "<group>"; };
		13B07FB61A68108700A75B9A /* Info.plist */ = {isa = PBXFileReference; fileEncoding = 4; lastKnownFileType = text.plist.xml; name = Info.plist; path = SocialMediaApp/Info.plist; sourceTree = "<group>"; };
		13B07FB71A68108700A75B9A /* main.m */ = {isa = PBXFileReference; fileEncoding = 4; lastKnownFileType = sourcecode.c.objc; name = main.m; path = SocialMediaApp/main.m; sourceTree = "<group>"; };
		13B07FB81A68108700A75B9A /* PrivacyInfo.xcprivacy */ = {isa = PBXFileReference; fileEncoding = 4; lastKnownFileType = text.plist.xml; name = PrivacyInfo.xcprivacy; path = SocialMediaApp/PrivacyInfo.xcprivacy; sourceTree = "<group>"; };
		1445788BE6BE4247B29B217A /* Inter_18pt-Regular.ttf */ = {isa = PBXFileReference; explicitFileType = undefined; fileEncoding = undefined; includeInIndex = 0; lastKnownFileType = unknown; name = "Inter_18pt-Regular.ttf"; path = "../assets/fonts/Inter_18pt-Regular.ttf"; sourceTree = "<group>"; };
		17F7883724B943DBBE9C3116 /* Inter_24pt-BlackItalic.ttf */ = {isa = PBXFileReference; explicitFileType = undefined; fileEncoding = undefined; includeInIndex = 0; lastKnownFileType = unknown; name = "Inter_24pt-BlackItalic.ttf"; path = "../assets/fonts/Inter_24pt-BlackItalic.ttf"; sourceTree = "<group>"; };
		24A87AE72E1C493FB204EB3C /* Inter_18pt-SemiBold.ttf */ = {isa = PBXFileReference; explicitFileType = undefined; fileEncoding = undefined; includeInIndex = 0; lastKnownFileType = unknown; name = "Inter_18pt-SemiBold.ttf"; path = "../assets/fonts/Inter_18pt-SemiBold.ttf"; sourceTree = "<group>"; };
		3181ADBEAA6D41BD910CA12C /* Inter_28pt-ExtraBoldItalic.ttf */ = {isa = PBXFileReference; explicitFileType = undefined; fileEncoding = undefined; includeInIndex = 0; lastKnownFileType = unknown; name = "Inter_28pt-ExtraBoldItalic.ttf"; path = "../assets/fonts/Inter_28pt-ExtraBoldItalic.ttf"; sourceTree = "<group>"; };
		322EE54D36534DA885980D7C /* Inter_28pt-Italic.ttf */ = {isa = PBXFileReference; explicitFileType = undefined; fileEncoding = undefined; includeInIndex = 0; lastKnownFileType = unknown; name = "Inter_28pt-Italic.ttf"; path = "../assets/fonts/Inter_28pt-Italic.ttf"; sourceTree = "<group>"; };
		34CB40270E954629A622A468 /* Inter_24pt-Black.ttf */ = {isa = PBXFileReference; explicitFileType = undefined; fileEncoding = undefined; includeInIndex = 0; lastKnownFileType = unknown; name = "Inter_24pt-Black.ttf"; path = "../assets/fonts/Inter_24pt-Black.ttf"; sourceTree = "<group>"; };
		3B4392A12AC88292D35C810B /* Pods-SocialMediaApp.debug.xcconfig */ = {isa = PBXFileReference; includeInIndex = 1; lastKnownFileType = text.xcconfig; name = "Pods-SocialMediaApp.debug.xcconfig"; path = "Target Support Files/Pods-SocialMediaApp/Pods-SocialMediaApp.debug.xcconfig"; sourceTree = "<group>"; };
		3C4027820D55412E92FA9DD5 /* Inter_28pt-Regular.ttf */ = {isa = PBXFileReference; explicitFileType = undefined; fileEncoding = undefined; includeInIndex = 0; lastKnownFileType = unknown; name = "Inter_28pt-Regular.ttf"; path = "../assets/fonts/Inter_28pt-Regular.ttf"; sourceTree = "<group>"; };
		3CCE422B18264F208AB35667 /* Inter_24pt-SemiBold.ttf */ = {isa = PBXFileReference; explicitFileType = undefined; fileEncoding = undefined; includeInIndex = 0; lastKnownFileType = unknown; name = "Inter_24pt-SemiBold.ttf"; path = "../assets/fonts/Inter_24pt-SemiBold.ttf"; sourceTree = "<group>"; };
		41B6D3578ECF468099507906 /* Inter_18pt-BlackItalic.ttf */ = {isa = PBXFileReference; explicitFileType = undefined; fileEncoding = undefined; includeInIndex = 0; lastKnownFileType = unknown; name = "Inter_18pt-BlackItalic.ttf"; path = "../assets/fonts/Inter_18pt-BlackItalic.ttf"; sourceTree = "<group>"; };
		42C0034116684BA3BF6F12BA /* Inter_28pt-Bold.ttf */ = {isa = PBXFileReference; explicitFileType = undefined; fileEncoding = undefined; includeInIndex = 0; lastKnownFileType = unknown; name = "Inter_28pt-Bold.ttf"; path = "../assets/fonts/Inter_28pt-Bold.ttf"; sourceTree = "<group>"; };
		4803F7B0DFA94F3886CBED46 /* Inter_28pt-ExtraLight.ttf */ = {isa = PBXFileReference; explicitFileType = undefined; fileEncoding = undefined; includeInIndex = 0; lastKnownFileType = unknown; name = "Inter_28pt-ExtraLight.ttf"; path = "../assets/fonts/Inter_28pt-ExtraLight.ttf"; sourceTree = "<group>"; };
		4BEE56C6E5994F6992687C13 /* Inter_28pt-Black.ttf */ = {isa = PBXFileReference; explicitFileType = undefined; fileEncoding = undefined; includeInIndex = 0; lastKnownFileType = unknown; name = "Inter_28pt-Black.ttf"; path = "../assets/fonts/Inter_28pt-Black.ttf"; sourceTree = "<group>"; };
		519B4C94C2AB4B81A026246B /* Inter_18pt-Thin.ttf */ = {isa = PBXFileReference; explicitFileType = undefined; fileEncoding = undefined; includeInIndex = 0; lastKnownFileType = unknown; name = "Inter_18pt-Thin.ttf"; path = "../assets/fonts/Inter_18pt-Thin.ttf"; sourceTree = "<group>"; };
		52840B021D694B6E98ABCA00 /* Inter_18pt-SemiBoldItalic.ttf */ = {isa = PBXFileReference; explicitFileType = undefined; fileEncoding = undefined; includeInIndex = 0; lastKnownFileType = unknown; name = "Inter_18pt-SemiBoldItalic.ttf"; path = "../assets/fonts/Inter_18pt-SemiBoldItalic.ttf"; sourceTree = "<group>"; };
		5516F6CFAE774A2DAD3D4569 /* Inter_18pt-ExtraLight.ttf */ = {isa = PBXFileReference; explicitFileType = undefined; fileEncoding = undefined; includeInIndex = 0; lastKnownFileType = unknown; name = "Inter_18pt-ExtraLight.ttf"; path = "../assets/fonts/Inter_18pt-ExtraLight.ttf"; sourceTree = "<group>"; };
		564090F01E4841CBB0EDAE7C /* Inter_18pt-Bold.ttf */ = {isa = PBXFileReference; explicitFileType = undefined; fileEncoding = undefined; includeInIndex = 0; lastKnownFileType = unknown; name = "Inter_18pt-Bold.ttf"; path = "../assets/fonts/Inter_18pt-Bold.ttf"; sourceTree = "<group>"; };
		5709B34CF0A7D63546082F79 /* Pods-SocialMediaApp.release.xcconfig */ = {isa = PBXFileReference; includeInIndex = 1; lastKnownFileType = text.xcconfig; name = "Pods-SocialMediaApp.release.xcconfig"; path = "Target Support Files/Pods-SocialMediaApp/Pods-SocialMediaApp.release.xcconfig"; sourceTree = "<group>"; };
		58E1D7BF0FDD4F859FA3431F /* Inter_28pt-Medium.ttf */ = {isa = PBXFileReference; explicitFileType = undefined; fileEncoding = undefined; includeInIndex = 0; lastKnownFileType = unknown; name = "Inter_28pt-Medium.ttf"; path = "../assets/fonts/Inter_28pt-Medium.ttf"; sourceTree = "<group>"; };
		596A956781974EDC8CB08340 /* Inter_18pt-ThinItalic.ttf */ = {isa = PBXFileReference; explicitFileType = undefined; fileEncoding = undefined; includeInIndex = 0; lastKnownFileType = unknown; name = "Inter_18pt-ThinItalic.ttf"; path = "../assets/fonts/Inter_18pt-ThinItalic.ttf"; sourceTree = "<group>"; };
		59F10100D44444B182E596BF /* Inter_24pt-Bold.ttf */ = {isa = PBXFileReference; explicitFileType = undefined; fileEncoding = undefined; includeInIndex = 0; lastKnownFileType = unknown; name = "Inter_24pt-Bold.ttf"; path = "../assets/fonts/Inter_24pt-Bold.ttf"; sourceTree = "<group>"; };
		5B7EB9410499542E8C5724F5 /* Pods-SocialMediaApp-SocialMediaAppTests.debug.xcconfig */ = {isa = PBXFileReference; includeInIndex = 1; lastKnownFileType = text.xcconfig; name = "Pods-SocialMediaApp-SocialMediaAppTests.debug.xcconfig"; path = "Target Support Files/Pods-SocialMediaApp-SocialMediaAppTests/Pods-SocialMediaApp-SocialMediaAppTests.debug.xcconfig"; sourceTree = "<group>"; };
		5C4339E6FA71493D98C9138D /* Inter_18pt-ExtraBold.ttf */ = {isa = PBXFileReference; explicitFileType = undefined; fileEncoding = undefined; includeInIndex = 0; lastKnownFileType = unknown; name = "Inter_18pt-ExtraBold.ttf"; path = "../assets/fonts/Inter_18pt-ExtraBold.ttf"; sourceTree = "<group>"; };
		61FD60E60D57461D87108AA7 /* Inter_28pt-Light.ttf */ = {isa = PBXFileReference; explicitFileType = undefined; fileEncoding = undefined; includeInIndex = 0; lastKnownFileType = unknown; name = "Inter_28pt-Light.ttf"; path = "../assets/fonts/Inter_28pt-Light.ttf"; sourceTree = "<group>"; };
		64862E6DFCB74286B4245723 /* Inter_24pt-LightItalic.ttf */ = {isa = PBXFileReference; explicitFileType = undefined; fileEncoding = undefined; includeInIndex = 0; lastKnownFileType = unknown; name = "Inter_24pt-LightItalic.ttf"; path = "../assets/fonts/Inter_24pt-LightItalic.ttf"; sourceTree = "<group>"; };
		72881A956E944BFAAC8472F3 /* Inter_18pt-Black.ttf */ = {isa = PBXFileReference; explicitFileType = undefined; fileEncoding = undefined; includeInIndex = 0; lastKnownFileType = unknown; name = "Inter_18pt-Black.ttf"; path = "../assets/fonts/Inter_18pt-Black.ttf"; sourceTree = "<group>"; };
		7AC9B00AE9DD4DB6AA257223 /* Inter_24pt-Light.ttf */ = {isa = PBXFileReference; explicitFileType = undefined; fileEncoding = undefined; includeInIndex = 0; lastKnownFileType = unknown; name = "Inter_24pt-Light.ttf"; path = "../assets/fonts/Inter_24pt-Light.ttf"; sourceTree = "<group>"; };
		8022CA1D5C204CD382933037 /* Inter_28pt-BlackItalic.ttf */ = {isa = PBXFileReference; explicitFileType = undefined; fileEncoding = undefined; includeInIndex = 0; lastKnownFileType = unknown; name = "Inter_28pt-BlackItalic.ttf"; path = "../assets/fonts/Inter_28pt-BlackItalic.ttf"; sourceTree = "<group>"; };
		8150DD80BC674FF69DCE4A20 /* Inter_24pt-BoldItalic.ttf */ = {isa = PBXFileReference; explicitFileType = undefined; fileEncoding = undefined; includeInIndex = 0; lastKnownFileType = unknown; name = "Inter_24pt-BoldItalic.ttf"; path = "../assets/fonts/Inter_24pt-BoldItalic.ttf"; sourceTree = "<group>"; };
		81AB9BB72411601600AC10FF /* LaunchScreen.storyboard */ = {isa = PBXFileReference; fileEncoding = 4; lastKnownFileType = file.storyboard; name = LaunchScreen.storyboard; path = SocialMediaApp/LaunchScreen.storyboard; sourceTree = "<group>"; };
		89C6BE57DB24E9ADA2F236DE /* Pods-SocialMediaApp-SocialMediaAppTests.release.xcconfig */ = {isa = PBXFileReference; includeInIndex = 1; lastKnownFileType = text.xcconfig; name = "Pods-SocialMediaApp-SocialMediaAppTests.release.xcconfig"; path = "Target Support Files/Pods-SocialMediaApp-SocialMediaAppTests/Pods-SocialMediaApp-SocialMediaAppTests.release.xcconfig"; sourceTree = "<group>"; };
		8CB31C80FF554F99B46D2A0D /* Inter_28pt-ExtraLightItalic.ttf */ = {isa = PBXFileReference; explicitFileType = undefined; fileEncoding = undefined; includeInIndex = 0; lastKnownFileType = unknown; name = "Inter_28pt-ExtraLightItalic.ttf"; path = "../assets/fonts/Inter_28pt-ExtraLightItalic.ttf"; sourceTree = "<group>"; };
		9998539DD1554D2BA2DF6818 /* Inter_28pt-Thin.ttf */ = {isa = PBXFileReference; explicitFileType = undefined; fileEncoding = undefined; includeInIndex = 0; lastKnownFileType = unknown; name = "Inter_28pt-Thin.ttf"; path = "../assets/fonts/Inter_28pt-Thin.ttf"; sourceTree = "<group>"; };
		A0C67E5C480145D2AACD087D /* Inter_24pt-ExtraLight.ttf */ = {isa = PBXFileReference; explicitFileType = undefined; fileEncoding = undefined; includeInIndex = 0; lastKnownFileType = unknown; name = "Inter_24pt-ExtraLight.ttf"; path = "../assets/fonts/Inter_24pt-ExtraLight.ttf"; sourceTree = "<group>"; };
		A0CA26E9F5E84940B01CD5C7 /* Inter_28pt-BoldItalic.ttf */ = {isa = PBXFileReference; explicitFileType = undefined; fileEncoding = undefined; includeInIndex = 0; lastKnownFileType = unknown; name = "Inter_28pt-BoldItalic.ttf"; path = "../assets/fonts/Inter_28pt-BoldItalic.ttf"; sourceTree = "<group>"; };
		A3C51803F607C159C585B050 /* Pods-SocialMediaAppTests.debug.xcconfig */ = {isa = PBXFileReference; includeInIndex = 1; lastKnownFileType = text.xcconfig; name = "Pods-SocialMediaAppTests.debug.xcconfig"; path = "Target Support Files/Pods-SocialMediaAppTests/Pods-SocialMediaAppTests.debug.xcconfig"; sourceTree = "<group>"; };
		A6EE65B0FA5544BA99A6909F /* Inter_24pt-ExtraLightItalic.ttf */ = {isa = PBXFileReference; explicitFileType = undefined; fileEncoding = undefined; includeInIndex = 0; lastKnownFileType = unknown; name = "Inter_24pt-ExtraLightItalic.ttf"; path = "../assets/fonts/Inter_24pt-ExtraLightItalic.ttf"; sourceTree = "<group>"; };
		AB6121D90FE74DDDA48A5EF5 /* Inter_18pt-LightItalic.ttf */ = {isa = PBXFileReference; explicitFileType = undefined; fileEncoding = undefined; includeInIndex = 0; lastKnownFileType = unknown; name = "Inter_18pt-LightItalic.ttf"; path = "../assets/fonts/Inter_18pt-LightItalic.ttf"; sourceTree = "<group>"; };
		AED35BAA560145E2B993442D /* Inter_24pt-MediumItalic.ttf */ = {isa = PBXFileReference; explicitFileType = undefined; fileEncoding = undefined; includeInIndex = 0; lastKnownFileType = unknown; name = "Inter_24pt-MediumItalic.ttf"; path = "../assets/fonts/Inter_24pt-MediumItalic.ttf"; sourceTree = "<group>"; };
		B75E648946004A9DA4B43F08 /* Inter_18pt-Italic.ttf */ = {isa = PBXFileReference; explicitFileType = undefined; fileEncoding = undefined; includeInIndex = 0; lastKnownFileType = unknown; name = "Inter_18pt-Italic.ttf"; path = "../assets/fonts/Inter_18pt-Italic.ttf"; sourceTree = "<group>"; };
		BD98DA2235774E1AAAE526BB /* Inter_24pt-ExtraBoldItalic.ttf */ = {isa = PBXFileReference; explicitFileType = undefined; fileEncoding = undefined; includeInIndex = 0; lastKnownFileType = unknown; name = "Inter_24pt-ExtraBoldItalic.ttf"; path = "../assets/fonts/Inter_24pt-ExtraBoldItalic.ttf"; sourceTree = "<group>"; };
		C08365FB8E5C4AC382518A5C /* Inter_24pt-ExtraBold.ttf */ = {isa = PBXFileReference; explicitFileType = undefined; fileEncoding = undefined; includeInIndex = 0; lastKnownFileType = unknown; name = "Inter_24pt-ExtraBold.ttf"; path = "../assets/fonts/Inter_24pt-ExtraBold.ttf"; sourceTree = "<group>"; };
		CA92FBCD92F047B29C4AF78B /* Inter_18pt-Light.ttf */ = {isa = PBXFileReference; explicitFileType = undefined; fileEncoding = undefined; includeInIndex = 0; lastKnownFileType = unknown; name = "Inter_18pt-Light.ttf"; path = "../assets/fonts/Inter_18pt-Light.ttf"; sourceTree = "<group>"; };
		CE6DA49E6C6144079F411090 /* Inter_18pt-BoldItalic.ttf */ = {isa = PBXFileReference; explicitFileType = undefined; fileEncoding = undefined; includeInIndex = 0; lastKnownFileType = unknown; name = "Inter_18pt-BoldItalic.ttf"; path = "../assets/fonts/Inter_18pt-BoldItalic.ttf"; sourceTree = "<group>"; };
		D4175ECEA5974166A5D68D74 /* Inter_28pt-SemiBold.ttf */ = {isa = PBXFileReference; explicitFileType = undefined; fileEncoding = undefined; includeInIndex = 0; lastKnownFileType = unknown; name = "Inter_28pt-SemiBold.ttf"; path = "../assets/fonts/Inter_28pt-SemiBold.ttf"; sourceTree = "<group>"; };
		E0475EADBC404A1894474F27 /* Inter_28pt-SemiBoldItalic.ttf */ = {isa = PBXFileReference; explicitFileType = undefined; fileEncoding = undefined; includeInIndex = 0; lastKnownFileType = unknown; name = "Inter_28pt-SemiBoldItalic.ttf"; path = "../assets/fonts/Inter_28pt-SemiBoldItalic.ttf"; sourceTree = "<group>"; };
		E1A26A1B554681652DDB4734 /* Pods_SocialMediaApp.framework */ = {isa = PBXFileReference; explicitFileType = wrapper.framework; includeInIndex = 0; path = Pods_SocialMediaApp.framework; sourceTree = BUILT_PRODUCTS_DIR; };
		E4A50C731D75454D9F3EC17D /* Inter_24pt-ThinItalic.ttf */ = {isa = PBXFileReference; explicitFileType = undefined; fileEncoding = undefined; includeInIndex = 0; lastKnownFileType = unknown; name = "Inter_24pt-ThinItalic.ttf"; path = "../assets/fonts/Inter_24pt-ThinItalic.ttf"; sourceTree = "<group>"; };
		E4D2EE3C0B814EB3BFDF1328 /* Inter_18pt-Medium.ttf */ = {isa = PBXFileReference; explicitFileType = undefined; fileEncoding = undefined; includeInIndex = 0; lastKnownFileType = unknown; name = "Inter_18pt-Medium.ttf"; path = "../assets/fonts/Inter_18pt-Medium.ttf"; sourceTree = "<group>"; };
		E6BCF9A0AC55467788F1C109 /* Inter_18pt-ExtraLightItalic.ttf */ = {isa = PBXFileReference; explicitFileType = undefined; fileEncoding = undefined; includeInIndex = 0; lastKnownFileType = unknown; name = "Inter_18pt-ExtraLightItalic.ttf"; path = "../assets/fonts/Inter_18pt-ExtraLightItalic.ttf"; sourceTree = "<group>"; };
		E93D659FC23F4FD5B99455E0 /* Inter_24pt-Regular.ttf */ = {isa = PBXFileReference; explicitFileType = undefined; fileEncoding = undefined; includeInIndex = 0; lastKnownFileType = unknown; name = "Inter_24pt-Regular.ttf"; path = "../assets/fonts/Inter_24pt-Regular.ttf"; sourceTree = "<group>"; };
		E9BC4A884C40D159902C195C /* Pods-SocialMediaAppTests.release.xcconfig */ = {isa = PBXFileReference; includeInIndex = 1; lastKnownFileType = text.xcconfig; name = "Pods-SocialMediaAppTests.release.xcconfig"; path = "Target Support Files/Pods-SocialMediaAppTests/Pods-SocialMediaAppTests.release.xcconfig"; sourceTree = "<group>"; };
		ED297162215061F000B7C4FE /* JavaScriptCore.framework */ = {isa = PBXFileReference; lastKnownFileType = wrapper.framework; name = JavaScriptCore.framework; path = System/Library/Frameworks/JavaScriptCore.framework; sourceTree = SDKROOT; };
		EFA3F58EF7CF4B68A93F9699 /* Inter_24pt-SemiBoldItalic.ttf */ = {isa = PBXFileReference; explicitFileType = undefined; fileEncoding = undefined; includeInIndex = 0; lastKnownFileType = unknown; name = "Inter_24pt-SemiBoldItalic.ttf"; path = "../assets/fonts/Inter_24pt-SemiBoldItalic.ttf"; sourceTree = "<group>"; };
		F20AA934C8E7491ABD1190C5 /* Inter_28pt-ThinItalic.ttf */ = {isa = PBXFileReference; explicitFileType = undefined; fileEncoding = undefined; includeInIndex = 0; lastKnownFileType = unknown; name = "Inter_28pt-ThinItalic.ttf"; path = "../assets/fonts/Inter_28pt-ThinItalic.ttf"; sourceTree = "<group>"; };
		F38D7683393C4171AEB0C602 /* Inter_28pt-LightItalic.ttf */ = {isa = PBXFileReference; explicitFileType = undefined; fileEncoding = undefined; includeInIndex = 0; lastKnownFileType = unknown; name = "Inter_28pt-LightItalic.ttf"; path = "../assets/fonts/Inter_28pt-LightItalic.ttf"; sourceTree = "<group>"; };
		F719533344964536ADE4E8C7 /* Inter_18pt-MediumItalic.ttf */ = {isa = PBXFileReference; explicitFileType = undefined; fileEncoding = undefined; includeInIndex = 0; lastKnownFileType = unknown; name = "Inter_18pt-MediumItalic.ttf"; path = "../assets/fonts/Inter_18pt-MediumItalic.ttf"; sourceTree = "<group>"; };
		FD75DB97905C49D7BBFEC28F /* Inter_24pt-Italic.ttf */ = {isa = PBXFileReference; explicitFileType = undefined; fileEncoding = undefined; includeInIndex = 0; lastKnownFileType = unknown; name = "Inter_24pt-Italic.ttf"; path = "../assets/fonts/Inter_24pt-Italic.ttf"; sourceTree = "<group>"; };
		FF44C5E4483041EC8CF14010 /* Inter_18pt-ExtraBoldItalic.ttf */ = {isa = PBXFileReference; explicitFileType = undefined; fileEncoding = undefined; includeInIndex = 0; lastKnownFileType = unknown; name = "Inter_18pt-ExtraBoldItalic.ttf"; path = "../assets/fonts/Inter_18pt-ExtraBoldItalic.ttf"; sourceTree = "<group>"; };
/* End PBXFileReference section */

/* Begin PBXFrameworksBuildPhase section */
		00E356EB1AD99517003FC87E /* Frameworks */ = {
			isa = PBXFrameworksBuildPhase;
			buildActionMask = 2147483647;
			files = (
				75917447FD4C25A185908E0E /* Pods_SocialMediaAppTests.framework in Frameworks */,
			);
			runOnlyForDeploymentPostprocessing = 0;
		};
		13B07F8C1A680F5B00A75B9A /* Frameworks */ = {
			isa = PBXFrameworksBuildPhase;
			buildActionMask = 2147483647;
			files = (
				9D851D7C885FFBA031B23FA0 /* Pods_SocialMediaApp.framework in Frameworks */,
			);
			runOnlyForDeploymentPostprocessing = 0;
		};
/* End PBXFrameworksBuildPhase section */

/* Begin PBXGroup section */
		00E356EF1AD99517003FC87E /* SocialMediaAppTests */ = {
			isa = PBXGroup;
			children = (
				00E356F21AD99517003FC87E /* SocialMediaAppTests.m */,
				00E356F01AD99517003FC87E /* Supporting Files */,
			);
			path = SocialMediaAppTests;
			sourceTree = "<group>";
		};
		00E356F01AD99517003FC87E /* Supporting Files */ = {
			isa = PBXGroup;
			children = (
				00E356F11AD99517003FC87E /* Info.plist */,
			);
			name = "Supporting Files";
			sourceTree = "<group>";
		};
		13B07FAE1A68108700A75B9A /* SocialMediaApp */ = {
			isa = PBXGroup;
			children = (
				13B07FAF1A68108700A75B9A /* AppDelegate.h */,
				13B07FB01A68108700A75B9A /* AppDelegate.mm */,
				13B07FB51A68108700A75B9A /* Images.xcassets */,
				13B07FB61A68108700A75B9A /* Info.plist */,
				81AB9BB72411601600AC10FF /* LaunchScreen.storyboard */,
				13B07FB71A68108700A75B9A /* main.m */,
				13B07FB81A68108700A75B9A /* PrivacyInfo.xcprivacy */,
			);
			name = SocialMediaApp;
			sourceTree = "<group>";
		};
		2D16E6871FA4F8E400B85C8A /* Frameworks */ = {
			isa = PBXGroup;
			children = (
				ED297162215061F000B7C4FE /* JavaScriptCore.framework */,
				E1A26A1B554681652DDB4734 /* Pods_SocialMediaApp.framework */,
				05008E21D006F152C2DD6C1E /* Pods_SocialMediaAppTests.framework */,
			);
			name = Frameworks;
			sourceTree = "<group>";
		};
		832341AE1AAA6A7D00B99B32 /* Libraries */ = {
			isa = PBXGroup;
			children = (
			);
			name = Libraries;
			sourceTree = "<group>";
		};
		83CBB9F61A601CBA00E9B192 = {
			isa = PBXGroup;
			children = (
				13B07FAE1A68108700A75B9A /* SocialMediaApp */,
				832341AE1AAA6A7D00B99B32 /* Libraries */,
				00E356EF1AD99517003FC87E /* SocialMediaAppTests */,
				83CBBA001A601CBA00E9B192 /* Products */,
				2D16E6871FA4F8E400B85C8A /* Frameworks */,
				BBD78D7AC51CEA395F1C20DB /* Pods */,
				BC5542BD7981411EBC85A422 /* Resources */,
			);
			indentWidth = 2;
			sourceTree = "<group>";
			tabWidth = 2;
			usesTabs = 0;
		};
		83CBBA001A601CBA00E9B192 /* Products */ = {
			isa = PBXGroup;
			children = (
				13B07F961A680F5B00A75B9A /* SocialMediaApp.app */,
				00E356EE1AD99517003FC87E /* SocialMediaAppTests.xctest */,
			);
			name = Products;
			sourceTree = "<group>";
		};
		BBD78D7AC51CEA395F1C20DB /* Pods */ = {
			isa = PBXGroup;
			children = (
				3B4392A12AC88292D35C810B /* Pods-SocialMediaApp.debug.xcconfig */,
				5709B34CF0A7D63546082F79 /* Pods-SocialMediaApp.release.xcconfig */,
				5B7EB9410499542E8C5724F5 /* Pods-SocialMediaApp-SocialMediaAppTests.debug.xcconfig */,
				89C6BE57DB24E9ADA2F236DE /* Pods-SocialMediaApp-SocialMediaAppTests.release.xcconfig */,
				A3C51803F607C159C585B050 /* Pods-SocialMediaAppTests.debug.xcconfig */,
				E9BC4A884C40D159902C195C /* Pods-SocialMediaAppTests.release.xcconfig */,
			);
			path = Pods;
			sourceTree = "<group>";
		};
		BC5542BD7981411EBC85A422 /* Resources */ = {
			isa = PBXGroup;
			children = (
				72881A956E944BFAAC8472F3 /* Inter_18pt-Black.ttf */,
				41B6D3578ECF468099507906 /* Inter_18pt-BlackItalic.ttf */,
				564090F01E4841CBB0EDAE7C /* Inter_18pt-Bold.ttf */,
				CE6DA49E6C6144079F411090 /* Inter_18pt-BoldItalic.ttf */,
				5C4339E6FA71493D98C9138D /* Inter_18pt-ExtraBold.ttf */,
				FF44C5E4483041EC8CF14010 /* Inter_18pt-ExtraBoldItalic.ttf */,
				5516F6CFAE774A2DAD3D4569 /* Inter_18pt-ExtraLight.ttf */,
				E6BCF9A0AC55467788F1C109 /* Inter_18pt-ExtraLightItalic.ttf */,
				B75E648946004A9DA4B43F08 /* Inter_18pt-Italic.ttf */,
				CA92FBCD92F047B29C4AF78B /* Inter_18pt-Light.ttf */,
				AB6121D90FE74DDDA48A5EF5 /* Inter_18pt-LightItalic.ttf */,
				E4D2EE3C0B814EB3BFDF1328 /* Inter_18pt-Medium.ttf */,
				F719533344964536ADE4E8C7 /* Inter_18pt-MediumItalic.ttf */,
				1445788BE6BE4247B29B217A /* Inter_18pt-Regular.ttf */,
				24A87AE72E1C493FB204EB3C /* Inter_18pt-SemiBold.ttf */,
				52840B021D694B6E98ABCA00 /* Inter_18pt-SemiBoldItalic.ttf */,
				519B4C94C2AB4B81A026246B /* Inter_18pt-Thin.ttf */,
				596A956781974EDC8CB08340 /* Inter_18pt-ThinItalic.ttf */,
				34CB40270E954629A622A468 /* Inter_24pt-Black.ttf */,
				17F7883724B943DBBE9C3116 /* Inter_24pt-BlackItalic.ttf */,
				59F10100D44444B182E596BF /* Inter_24pt-Bold.ttf */,
				8150DD80BC674FF69DCE4A20 /* Inter_24pt-BoldItalic.ttf */,
				C08365FB8E5C4AC382518A5C /* Inter_24pt-ExtraBold.ttf */,
				BD98DA2235774E1AAAE526BB /* Inter_24pt-ExtraBoldItalic.ttf */,
				A0C67E5C480145D2AACD087D /* Inter_24pt-ExtraLight.ttf */,
				A6EE65B0FA5544BA99A6909F /* Inter_24pt-ExtraLightItalic.ttf */,
				FD75DB97905C49D7BBFEC28F /* Inter_24pt-Italic.ttf */,
				7AC9B00AE9DD4DB6AA257223 /* Inter_24pt-Light.ttf */,
				64862E6DFCB74286B4245723 /* Inter_24pt-LightItalic.ttf */,
				09A7847C6D4248979EFAF08F /* Inter_24pt-Medium.ttf */,
				AED35BAA560145E2B993442D /* Inter_24pt-MediumItalic.ttf */,
				E93D659FC23F4FD5B99455E0 /* Inter_24pt-Regular.ttf */,
				3CCE422B18264F208AB35667 /* Inter_24pt-SemiBold.ttf */,
				EFA3F58EF7CF4B68A93F9699 /* Inter_24pt-SemiBoldItalic.ttf */,
				09C73BD1AEE242F6BE67435B /* Inter_24pt-Thin.ttf */,
				E4A50C731D75454D9F3EC17D /* Inter_24pt-ThinItalic.ttf */,
				4BEE56C6E5994F6992687C13 /* Inter_28pt-Black.ttf */,
				8022CA1D5C204CD382933037 /* Inter_28pt-BlackItalic.ttf */,
				42C0034116684BA3BF6F12BA /* Inter_28pt-Bold.ttf */,
				A0CA26E9F5E84940B01CD5C7 /* Inter_28pt-BoldItalic.ttf */,
				0D8C89A2DFDF414CA24B70B7 /* Inter_28pt-ExtraBold.ttf */,
				3181ADBEAA6D41BD910CA12C /* Inter_28pt-ExtraBoldItalic.ttf */,
				4803F7B0DFA94F3886CBED46 /* Inter_28pt-ExtraLight.ttf */,
				8CB31C80FF554F99B46D2A0D /* Inter_28pt-ExtraLightItalic.ttf */,
				322EE54D36534DA885980D7C /* Inter_28pt-Italic.ttf */,
				61FD60E60D57461D87108AA7 /* Inter_28pt-Light.ttf */,
				F38D7683393C4171AEB0C602 /* Inter_28pt-LightItalic.ttf */,
				58E1D7BF0FDD4F859FA3431F /* Inter_28pt-Medium.ttf */,
				07B07AD39AEC40E390EDF370 /* Inter_28pt-MediumItalic.ttf */,
				3C4027820D55412E92FA9DD5 /* Inter_28pt-Regular.ttf */,
				D4175ECEA5974166A5D68D74 /* Inter_28pt-SemiBold.ttf */,
				E0475EADBC404A1894474F27 /* Inter_28pt-SemiBoldItalic.ttf */,
				9998539DD1554D2BA2DF6818 /* Inter_28pt-Thin.ttf */,
				F20AA934C8E7491ABD1190C5 /* Inter_28pt-ThinItalic.ttf */,
			);
			name = Resources;
			path = "";
			sourceTree = "<group>";
		};
/* End PBXGroup section */

/* Begin PBXNativeTarget section */
		00E356ED1AD99517003FC87E /* SocialMediaAppTests */ = {
			isa = PBXNativeTarget;
			buildConfigurationList = 00E357021AD99517003FC87E /* Build configuration list for PBXNativeTarget "SocialMediaAppTests" */;
			buildPhases = (
				A55EABD7B0C7F3A422A6CC61 /* [CP] Check Pods Manifest.lock */,
				00E356EA1AD99517003FC87E /* Sources */,
				00E356EB1AD99517003FC87E /* Frameworks */,
				00E356EC1AD99517003FC87E /* Resources */,
			);
			buildRules = (
			);
			dependencies = (
				00E356F51AD99517003FC87E /* PBXTargetDependency */,
			);
			name = SocialMediaAppTests;
			productName = SocialMediaAppTests;
			productReference = 00E356EE1AD99517003FC87E /* SocialMediaAppTests.xctest */;
			productType = "com.apple.product-type.bundle.unit-test";
		};
		13B07F861A680F5B00A75B9A /* SocialMediaApp */ = {
			isa = PBXNativeTarget;
			buildConfigurationList = 13B07F931A680F5B00A75B9A /* Build configuration list for PBXNativeTarget "SocialMediaApp" */;
			buildPhases = (
				C38B50BA6285516D6DCD4F65 /* [CP] Check Pods Manifest.lock */,
				13B07F871A680F5B00A75B9A /* Sources */,
				13B07F8C1A680F5B00A75B9A /* Frameworks */,
				13B07F8E1A680F5B00A75B9A /* Resources */,
				00DD1BFF1BD5951E006B06BC /* Bundle React Native code and images */,
			);
			buildRules = (
			);
			dependencies = (
			);
			name = SocialMediaApp;
			productName = SocialMediaApp;
			productReference = 13B07F961A680F5B00A75B9A /* SocialMediaApp.app */;
			productType = "com.apple.product-type.application";
		};
/* End PBXNativeTarget section */

/* Begin PBXProject section */
		83CBB9F71A601CBA00E9B192 /* Project object */ = {
			isa = PBXProject;
			attributes = {
				LastUpgradeCheck = 1210;
				TargetAttributes = {
					00E356ED1AD99517003FC87E = {
						CreatedOnToolsVersion = 6.2;
						TestTargetID = 13B07F861A680F5B00A75B9A;
					};
					13B07F861A680F5B00A75B9A = {
						LastSwiftMigration = 1120;
					};
				};
			};
			buildConfigurationList = 83CBB9FA1A601CBA00E9B192 /* Build configuration list for PBXProject "SocialMediaApp" */;
			compatibilityVersion = "Xcode 12.0";
			developmentRegion = en;
			hasScannedForEncodings = 0;
			knownRegions = (
				en,
				Base,
			);
			mainGroup = 83CBB9F61A601CBA00E9B192;
			productRefGroup = 83CBBA001A601CBA00E9B192 /* Products */;
			projectDirPath = "";
			projectRoot = "";
			targets = (
				13B07F861A680F5B00A75B9A /* SocialMediaApp */,
				00E356ED1AD99517003FC87E /* SocialMediaAppTests */,
			);
		};
/* End PBXProject section */

/* Begin PBXResourcesBuildPhase section */
		00E356EC1AD99517003FC87E /* Resources */ = {
			isa = PBXResourcesBuildPhase;
			buildActionMask = 2147483647;
			files = (
			);
			runOnlyForDeploymentPostprocessing = 0;
		};
		13B07F8E1A680F5B00A75B9A /* Resources */ = {
			isa = PBXResourcesBuildPhase;
			buildActionMask = 2147483647;
			files = (
				81AB9BB82411601600AC10FF /* LaunchScreen.storyboard in Resources */,
				13B07FBF1A68108700A75B9A /* Images.xcassets in Resources */,
				AE85386980DE4BF5ABBD53E4 /* Inter_18pt-Black.ttf in Resources */,
				0004788711E54948AE761D01 /* Inter_18pt-BlackItalic.ttf in Resources */,
				2A5B2A44CA13496983B17F58 /* Inter_18pt-Bold.ttf in Resources */,
				82D2247677B642ADAAD54C34 /* Inter_18pt-BoldItalic.ttf in Resources */,
				58C765AE87194D56BB807A86 /* Inter_18pt-ExtraBold.ttf in Resources */,
				BA24F148BD274925B8F45BB4 /* Inter_18pt-ExtraBoldItalic.ttf in Resources */,
				C2FA6D647C26407C988F7C28 /* Inter_18pt-ExtraLight.ttf in Resources */,
				B9C85AC30B474C8ABB15161E /* Inter_18pt-ExtraLightItalic.ttf in Resources */,
				5FBB5D05118849B981DC5317 /* Inter_18pt-Italic.ttf in Resources */,
				4B522FEB4E4F4A5CA4E761C3 /* Inter_18pt-Light.ttf in Resources */,
				9BB8B71B93A94BEA95736530 /* Inter_18pt-LightItalic.ttf in Resources */,
				88C646A68F334401A8B97E85 /* Inter_18pt-Medium.ttf in Resources */,
				4A71DBBA21B4424498649842 /* Inter_18pt-MediumItalic.ttf in Resources */,
				A2381E3658F04BF0A59E5B0B /* Inter_18pt-Regular.ttf in Resources */,
				226F0CA6B82740FABCF7ECA6 /* Inter_18pt-SemiBold.ttf in Resources */,
				668032865C014F91945396F8 /* Inter_18pt-SemiBoldItalic.ttf in Resources */,
				36C7D30761064E93B415A2BD /* Inter_18pt-Thin.ttf in Resources */,
				A802F959A75147CE85E205A6 /* Inter_18pt-ThinItalic.ttf in Resources */,
				871A543DCF034CB2905C8DF6 /* Inter_24pt-Black.ttf in Resources */,
				C1CF340DA3AF444486D7B418 /* Inter_24pt-BlackItalic.ttf in Resources */,
				CBCB936C31D043D59FFA49D5 /* Inter_24pt-Bold.ttf in Resources */,
				169BAC7210964B3C801BB52B /* Inter_24pt-BoldItalic.ttf in Resources */,
				988B1096F13D4D05ADABC9FF /* Inter_24pt-ExtraBold.ttf in Resources */,
				33B23A28A4EB4F358397D9AA /* Inter_24pt-ExtraBoldItalic.ttf in Resources */,
				91F80AD3049D45F983F7BFE8 /* Inter_24pt-ExtraLight.ttf in Resources */,
				2AAFB7808DA047D69089F666 /* Inter_24pt-ExtraLightItalic.ttf in Resources */,
				3CB92C41DE1548ADAD26B21F /* Inter_24pt-Italic.ttf in Resources */,
				E98BC1FFE4D145D5AF0861AA /* Inter_24pt-Light.ttf in Resources */,
				CAE2E76598E140FE85C9B9C8 /* Inter_24pt-LightItalic.ttf in Resources */,
				FBE3562E15BE450F85F85E71 /* Inter_24pt-Medium.ttf in Resources */,
				C998A582066E4CB7B0CD4458 /* Inter_24pt-MediumItalic.ttf in Resources */,
				6A73BF9611C143EB87EACE37 /* Inter_24pt-Regular.ttf in Resources */,
				1406599EE4784046B556B86A /* Inter_24pt-SemiBold.ttf in Resources */,
				17C77F10A45A4119B5F62220 /* Inter_24pt-SemiBoldItalic.ttf in Resources */,
				86CF4B558FBA4CE4B1A2062C /* Inter_24pt-Thin.ttf in Resources */,
				725B2493F97947BBBA588FE0 /* Inter_24pt-ThinItalic.ttf in Resources */,
				90A7862E9D1944809201AE43 /* Inter_28pt-Black.ttf in Resources */,
				FC4A3D3960B647F8A58CF30A /* Inter_28pt-BlackItalic.ttf in Resources */,
				F4023BAFBD4A4A218E4ECC5A /* Inter_28pt-Bold.ttf in Resources */,
				CC41257090BC4277B8E0CF84 /* Inter_28pt-BoldItalic.ttf in Resources */,
				58F13CF1BAA84E19BCC756BF /* Inter_28pt-ExtraBold.ttf in Resources */,
				4E4DB7BACB2B43E19013773E /* Inter_28pt-ExtraBoldItalic.ttf in Resources */,
				8AE3AA17F86540BCB84A5C13 /* Inter_28pt-ExtraLight.ttf in Resources */,
				E6617909EFDB4C418112A06E /* Inter_28pt-ExtraLightItalic.ttf in Resources */,
				05F6498C13334B11984C09A2 /* Inter_28pt-Italic.ttf in Resources */,
				A6C01EC5055F471A9B9AAFF6 /* Inter_28pt-Light.ttf in Resources */,
				DF06120B8B964D8D8D35073F /* Inter_28pt-LightItalic.ttf in Resources */,
				C7552C87237B4A93B835ACF4 /* Inter_28pt-Medium.ttf in Resources */,
				F10034022672489CB47A8119 /* Inter_28pt-MediumItalic.ttf in Resources */,
				108358140C40455D9AE39329 /* Inter_28pt-Regular.ttf in Resources */,
				0C50F97B602D47379518409B /* Inter_28pt-SemiBold.ttf in Resources */,
				50D89031B00243D1B22C4868 /* Inter_28pt-SemiBoldItalic.ttf in Resources */,
				6F7052F26E4A4D488B000B90 /* Inter_28pt-Thin.ttf in Resources */,
				EF040A3D163C4D1687C342BE /* Inter_28pt-ThinItalic.ttf in Resources */,
			);
			runOnlyForDeploymentPostprocessing = 0;
		};
/* End PBXResourcesBuildPhase section */

/* Begin PBXShellScriptBuildPhase section */
		00DD1BFF1BD5951E006B06BC /* Bundle React Native code and images */ = {
			isa = PBXShellScriptBuildPhase;
			buildActionMask = 2147483647;
			files = (
			);
			inputPaths = (
				"$(SRCROOT)/.xcode.env.local",
				"$(SRCROOT)/.xcode.env",
			);
			name = "Bundle React Native code and images";
			outputPaths = (
			);
			runOnlyForDeploymentPostprocessing = 0;
			shellPath = /bin/sh;
			shellScript = "set -e\n\nWITH_ENVIRONMENT=\"$REACT_NATIVE_PATH/scripts/xcode/with-environment.sh\"\nREACT_NATIVE_XCODE=\"$REACT_NATIVE_PATH/scripts/react-native-xcode.sh\"\n\n/bin/sh -c \"$WITH_ENVIRONMENT $REACT_NATIVE_XCODE\"\n";
		};
		A55EABD7B0C7F3A422A6CC61 /* [CP] Check Pods Manifest.lock */ = {
			isa = PBXShellScriptBuildPhase;
			buildActionMask = 2147483647;
			files = (
			);
			inputFileListPaths = (
			);
			inputPaths = (
				"${PODS_PODFILE_DIR_PATH}/Podfile.lock",
				"${PODS_ROOT}/Manifest.lock",
			);
			name = "[CP] Check Pods Manifest.lock";
			outputFileListPaths = (
			);
			outputPaths = (
				"$(DERIVED_FILE_DIR)/Pods-SocialMediaAppTests-checkManifestLockResult.txt",
			);
			runOnlyForDeploymentPostprocessing = 0;
			shellPath = /bin/sh;
			shellScript = "diff \"${PODS_PODFILE_DIR_PATH}/Podfile.lock\" \"${PODS_ROOT}/Manifest.lock\" > /dev/null\nif [ $? != 0 ] ; then\n    # print error to STDERR\n    echo \"error: The sandbox is not in sync with the Podfile.lock. Run 'pod install' or update your CocoaPods installation.\" >&2\n    exit 1\nfi\n# This output is used by Xcode 'outputs' to avoid re-running this script phase.\necho \"SUCCESS\" > \"${SCRIPT_OUTPUT_FILE_0}\"\n";
			showEnvVarsInLog = 0;
		};
		C38B50BA6285516D6DCD4F65 /* [CP] Check Pods Manifest.lock */ = {
			isa = PBXShellScriptBuildPhase;
			buildActionMask = 2147483647;
			files = (
			);
			inputFileListPaths = (
			);
			inputPaths = (
				"${PODS_PODFILE_DIR_PATH}/Podfile.lock",
				"${PODS_ROOT}/Manifest.lock",
			);
			name = "[CP] Check Pods Manifest.lock";
			outputFileListPaths = (
			);
			outputPaths = (
				"$(DERIVED_FILE_DIR)/Pods-SocialMediaApp-checkManifestLockResult.txt",
			);
			runOnlyForDeploymentPostprocessing = 0;
			shellPath = /bin/sh;
			shellScript = "diff \"${PODS_PODFILE_DIR_PATH}/Podfile.lock\" \"${PODS_ROOT}/Manifest.lock\" > /dev/null\nif [ $? != 0 ] ; then\n    # print error to STDERR\n    echo \"error: The sandbox is not in sync with the Podfile.lock. Run 'pod install' or update your CocoaPods installation.\" >&2\n    exit 1\nfi\n# This output is used by Xcode 'outputs' to avoid re-running this script phase.\necho \"SUCCESS\" > \"${SCRIPT_OUTPUT_FILE_0}\"\n";
			showEnvVarsInLog = 0;
		};
/* End PBXShellScriptBuildPhase section */

/* Begin PBXSourcesBuildPhase section */
		00E356EA1AD99517003FC87E /* Sources */ = {
			isa = PBXSourcesBuildPhase;
			buildActionMask = 2147483647;
			files = (
				00E356F31AD99517003FC87E /* SocialMediaAppTests.m in Sources */,
			);
			runOnlyForDeploymentPostprocessing = 0;
		};
		13B07F871A680F5B00A75B9A /* Sources */ = {
			isa = PBXSourcesBuildPhase;
			buildActionMask = 2147483647;
			files = (
				13B07FBC1A68108700A75B9A /* AppDelegate.mm in Sources */,
				13B07FC11A68108700A75B9A /* main.m in Sources */,
			);
			runOnlyForDeploymentPostprocessing = 0;
		};
/* End PBXSourcesBuildPhase section */

/* Begin PBXTargetDependency section */
		00E356F51AD99517003FC87E /* PBXTargetDependency */ = {
			isa = PBXTargetDependency;
			target = 13B07F861A680F5B00A75B9A /* SocialMediaApp */;
			targetProxy = 00E356F41AD99517003FC87E /* PBXContainerItemProxy */;
		};
/* End PBXTargetDependency section */

/* Begin XCBuildConfiguration section */
		00E356F61AD99517003FC87E /* Debug */ = {
			isa = XCBuildConfiguration;
			baseConfigurationReference = A3C51803F607C159C585B050 /* Pods-SocialMediaAppTests.debug.xcconfig */;
			buildSettings = {
				BUNDLE_LOADER = "$(TEST_HOST)";
				GCC_PREPROCESSOR_DEFINITIONS = (
					"DEBUG=1",
					"$(inherited)",
				);
				INFOPLIST_FILE = SocialMediaAppTests/Info.plist;
				IPHONEOS_DEPLOYMENT_TARGET = 13.4;
				LD_RUNPATH_SEARCH_PATHS = (
					"$(inherited)",
					"@executable_path/Frameworks",
					"@loader_path/Frameworks",
				);
				OTHER_LDFLAGS = (
					"-ObjC",
					"-lc++",
					"$(inherited)",
				);
				PRODUCT_BUNDLE_IDENTIFIER = "org.reactjs.native.example.$(PRODUCT_NAME:rfc1034identifier)";
				PRODUCT_NAME = "$(TARGET_NAME)";
				TEST_HOST = "$(BUILT_PRODUCTS_DIR)/SocialMediaApp.app/SocialMediaApp";
			};
			name = Debug;
		};
		00E356F71AD99517003FC87E /* Release */ = {
			isa = XCBuildConfiguration;
			baseConfigurationReference = E9BC4A884C40D159902C195C /* Pods-SocialMediaAppTests.release.xcconfig */;
			buildSettings = {
				BUNDLE_LOADER = "$(TEST_HOST)";
				COPY_PHASE_STRIP = NO;
				INFOPLIST_FILE = SocialMediaAppTests/Info.plist;
				IPHONEOS_DEPLOYMENT_TARGET = 13.4;
				LD_RUNPATH_SEARCH_PATHS = (
					"$(inherited)",
					"@executable_path/Frameworks",
					"@loader_path/Frameworks",
				);
				OTHER_LDFLAGS = (
					"-ObjC",
					"-lc++",
					"$(inherited)",
				);
				PRODUCT_BUNDLE_IDENTIFIER = "org.reactjs.native.example.$(PRODUCT_NAME:rfc1034identifier)";
				PRODUCT_NAME = "$(TARGET_NAME)";
				TEST_HOST = "$(BUILT_PRODUCTS_DIR)/SocialMediaApp.app/SocialMediaApp";
			};
			name = Release;
		};
		13B07F941A680F5B00A75B9A /* Debug */ = {
			isa = XCBuildConfiguration;
			baseConfigurationReference = 3B4392A12AC88292D35C810B /* Pods-SocialMediaApp.debug.xcconfig */;
			buildSettings = {
				ASSETCATALOG_COMPILER_APPICON_NAME = AppIcon;
				CLANG_ENABLE_MODULES = YES;
				CURRENT_PROJECT_VERSION = 1;
				ENABLE_BITCODE = NO;
				INFOPLIST_FILE = SocialMediaApp/Info.plist;
				LD_RUNPATH_SEARCH_PATHS = (
					"$(inherited)",
					"@executable_path/Frameworks",
				);
				MARKETING_VERSION = 1.0;
				OTHER_LDFLAGS = (
					"$(inherited)",
					"-ObjC",
					"-lc++",
				);
				PRODUCT_BUNDLE_IDENTIFIER = "org.reactjs.native.example.$(PRODUCT_NAME:rfc1034identifier)";
				PRODUCT_NAME = SocialMediaApp;
				SWIFT_OPTIMIZATION_LEVEL = "-Onone";
				SWIFT_VERSION = 5.0;
				VERSIONING_SYSTEM = "apple-generic";
			};
			name = Debug;
		};
		13B07F951A680F5B00A75B9A /* Release */ = {
			isa = XCBuildConfiguration;
			baseConfigurationReference = 5709B34CF0A7D63546082F79 /* Pods-SocialMediaApp.release.xcconfig */;
			buildSettings = {
				ASSETCATALOG_COMPILER_APPICON_NAME = AppIcon;
				CLANG_ENABLE_MODULES = YES;
				CURRENT_PROJECT_VERSION = 1;
				INFOPLIST_FILE = SocialMediaApp/Info.plist;
				LD_RUNPATH_SEARCH_PATHS = (
					"$(inherited)",
					"@executable_path/Frameworks",
				);
				MARKETING_VERSION = 1.0;
				OTHER_LDFLAGS = (
					"$(inherited)",
					"-ObjC",
					"-lc++",
				);
				PRODUCT_BUNDLE_IDENTIFIER = "org.reactjs.native.example.$(PRODUCT_NAME:rfc1034identifier)";
				PRODUCT_NAME = SocialMediaApp;
				SWIFT_VERSION = 5.0;
				VERSIONING_SYSTEM = "apple-generic";
			};
			name = Release;
		};
		83CBBA201A601CBA00E9B192 /* Debug */ = {
			isa = XCBuildConfiguration;
			buildSettings = {
				ALWAYS_SEARCH_USER_PATHS = NO;
				CLANG_ANALYZER_LOCALIZABILITY_NONLOCALIZED = YES;
				CLANG_CXX_LANGUAGE_STANDARD = "c++20";
				CLANG_CXX_LIBRARY = "libc++";
				CLANG_ENABLE_MODULES = YES;
				CLANG_ENABLE_OBJC_ARC = YES;
				CLANG_WARN_BLOCK_CAPTURE_AUTORELEASING = YES;
				CLANG_WARN_BOOL_CONVERSION = YES;
				CLANG_WARN_COMMA = YES;
				CLANG_WARN_CONSTANT_CONVERSION = YES;
				CLANG_WARN_DEPRECATED_OBJC_IMPLEMENTATIONS = YES;
				CLANG_WARN_DIRECT_OBJC_ISA_USAGE = YES_ERROR;
				CLANG_WARN_EMPTY_BODY = YES;
				CLANG_WARN_ENUM_CONVERSION = YES;
				CLANG_WARN_INFINITE_RECURSION = YES;
				CLANG_WARN_INT_CONVERSION = YES;
				CLANG_WARN_NON_LITERAL_NULL_CONVERSION = YES;
				CLANG_WARN_OBJC_IMPLICIT_RETAIN_SELF = YES;
				CLANG_WARN_OBJC_LITERAL_CONVERSION = YES;
				CLANG_WARN_OBJC_ROOT_CLASS = YES_ERROR;
				CLANG_WARN_QUOTED_INCLUDE_IN_FRAMEWORK_HEADER = YES;
				CLANG_WARN_RANGE_LOOP_ANALYSIS = YES;
				CLANG_WARN_STRICT_PROTOTYPES = YES;
				CLANG_WARN_SUSPICIOUS_MOVE = YES;
				CLANG_WARN_UNREACHABLE_CODE = YES;
				CLANG_WARN__DUPLICATE_METHOD_MATCH = YES;
				"CODE_SIGN_IDENTITY[sdk=iphoneos*]" = "iPhone Developer";
				COPY_PHASE_STRIP = NO;
				ENABLE_STRICT_OBJC_MSGSEND = YES;
				ENABLE_TESTABILITY = YES;
				"EXCLUDED_ARCHS[sdk=iphonesimulator*]" = "";
				GCC_C_LANGUAGE_STANDARD = gnu99;
				GCC_DYNAMIC_NO_PIC = NO;
				GCC_NO_COMMON_BLOCKS = YES;
				GCC_OPTIMIZATION_LEVEL = 0;
				GCC_PREPROCESSOR_DEFINITIONS = (
					"DEBUG=1",
					"$(inherited)",
				);
				GCC_SYMBOLS_PRIVATE_EXTERN = NO;
				GCC_WARN_64_TO_32_BIT_CONVERSION = YES;
				GCC_WARN_ABOUT_RETURN_TYPE = YES_ERROR;
				GCC_WARN_UNDECLARED_SELECTOR = YES;
				GCC_WARN_UNINITIALIZED_AUTOS = YES_AGGRESSIVE;
				GCC_WARN_UNUSED_FUNCTION = YES;
				GCC_WARN_UNUSED_VARIABLE = YES;
				IPHONEOS_DEPLOYMENT_TARGET = 13.4;
				LD_RUNPATH_SEARCH_PATHS = (
					/usr/lib/swift,
					"$(inherited)",
				);
				LIBRARY_SEARCH_PATHS = (
					"\"$(SDKROOT)/usr/lib/swift\"",
					"\"$(TOOLCHAIN_DIR)/usr/lib/swift/$(PLATFORM_NAME)\"",
					"\"$(inherited)\"",
				);
				MTL_ENABLE_DEBUG_INFO = YES;
				ONLY_ACTIVE_ARCH = YES;
				OTHER_CPLUSPLUSFLAGS = (
					"$(OTHER_CFLAGS)",
					"-DFOLLY_NO_CONFIG",
					"-DFOLLY_MOBILE=1",
					"-DFOLLY_USE_LIBCPP=1",
					"-DFOLLY_CFG_NO_COROUTINES=1",
					"-DFOLLY_HAVE_CLOCK_GETTIME=1",
				);
				SDKROOT = iphoneos;
			};
			name = Debug;
		};
		83CBBA211A601CBA00E9B192 /* Release */ = {
			isa = XCBuildConfiguration;
			buildSettings = {
				ALWAYS_SEARCH_USER_PATHS = NO;
				CLANG_ANALYZER_LOCALIZABILITY_NONLOCALIZED = YES;
				CLANG_CXX_LANGUAGE_STANDARD = "c++20";
				CLANG_CXX_LIBRARY = "libc++";
				CLANG_ENABLE_MODULES = YES;
				CLANG_ENABLE_OBJC_ARC = YES;
				CLANG_WARN_BLOCK_CAPTURE_AUTORELEASING = YES;
				CLANG_WARN_BOOL_CONVERSION = YES;
				CLANG_WARN_COMMA = YES;
				CLANG_WARN_CONSTANT_CONVERSION = YES;
				CLANG_WARN_DEPRECATED_OBJC_IMPLEMENTATIONS = YES;
				CLANG_WARN_DIRECT_OBJC_ISA_USAGE = YES_ERROR;
				CLANG_WARN_EMPTY_BODY = YES;
				CLANG_WARN_ENUM_CONVERSION = YES;
				CLANG_WARN_INFINITE_RECURSION = YES;
				CLANG_WARN_INT_CONVERSION = YES;
				CLANG_WARN_NON_LITERAL_NULL_CONVERSION = YES;
				CLANG_WARN_OBJC_IMPLICIT_RETAIN_SELF = YES;
				CLANG_WARN_OBJC_LITERAL_CONVERSION = YES;
				CLANG_WARN_OBJC_ROOT_CLASS = YES_ERROR;
				CLANG_WARN_QUOTED_INCLUDE_IN_FRAMEWORK_HEADER = YES;
				CLANG_WARN_RANGE_LOOP_ANALYSIS = YES;
				CLANG_WARN_STRICT_PROTOTYPES = YES;
				CLANG_WARN_SUSPICIOUS_MOVE = YES;
				CLANG_WARN_UNREACHABLE_CODE = YES;
				CLANG_WARN__DUPLICATE_METHOD_MATCH = YES;
				"CODE_SIGN_IDENTITY[sdk=iphoneos*]" = "iPhone Developer";
				COPY_PHASE_STRIP = YES;
				ENABLE_NS_ASSERTIONS = NO;
				ENABLE_STRICT_OBJC_MSGSEND = YES;
				"EXCLUDED_ARCHS[sdk=iphonesimulator*]" = "";
				GCC_C_LANGUAGE_STANDARD = gnu99;
				GCC_NO_COMMON_BLOCKS = YES;
				GCC_WARN_64_TO_32_BIT_CONVERSION = YES;
				GCC_WARN_ABOUT_RETURN_TYPE = YES_ERROR;
				GCC_WARN_UNDECLARED_SELECTOR = YES;
				GCC_WARN_UNINITIALIZED_AUTOS = YES_AGGRESSIVE;
				GCC_WARN_UNUSED_FUNCTION = YES;
				GCC_WARN_UNUSED_VARIABLE = YES;
				IPHONEOS_DEPLOYMENT_TARGET = 13.4;
				LD_RUNPATH_SEARCH_PATHS = (
					/usr/lib/swift,
					"$(inherited)",
				);
				LIBRARY_SEARCH_PATHS = (
					"\"$(SDKROOT)/usr/lib/swift\"",
					"\"$(TOOLCHAIN_DIR)/usr/lib/swift/$(PLATFORM_NAME)\"",
					"\"$(inherited)\"",
				);
				MTL_ENABLE_DEBUG_INFO = NO;
				OTHER_CPLUSPLUSFLAGS = (
					"$(OTHER_CFLAGS)",
					"-DFOLLY_NO_CONFIG",
					"-DFOLLY_MOBILE=1",
					"-DFOLLY_USE_LIBCPP=1",
					"-DFOLLY_CFG_NO_COROUTINES=1",
					"-DFOLLY_HAVE_CLOCK_GETTIME=1",
				);
				SDKROOT = iphoneos;
				VALIDATE_PRODUCT = YES;
			};
			name = Release;
		};
/* End XCBuildConfiguration section */

/* Begin XCConfigurationList section */
		00E357021AD99517003FC87E /* Build configuration list for PBXNativeTarget "SocialMediaAppTests" */ = {
			isa = XCConfigurationList;
			buildConfigurations = (
				00E356F61AD99517003FC87E /* Debug */,
				00E356F71AD99517003FC87E /* Release */,
			);
			defaultConfigurationIsVisible = 0;
			defaultConfigurationName = Release;
		};
		13B07F931A680F5B00A75B9A /* Build configuration list for PBXNativeTarget "SocialMediaApp" */ = {
			isa = XCConfigurationList;
			buildConfigurations = (
				13B07F941A680F5B00A75B9A /* Debug */,
				13B07F951A680F5B00A75B9A /* Release */,
			);
			defaultConfigurationIsVisible = 0;
			defaultConfigurationName = Release;
		};
		83CBB9FA1A601CBA00E9B192 /* Build configuration list for PBXProject "SocialMediaApp" */ = {
			isa = XCConfigurationList;
			buildConfigurations = (
				83CBBA201A601CBA00E9B192 /* Debug */,
				83CBBA211A601CBA00E9B192 /* Release */,
			);
			defaultConfigurationIsVisible = 0;
			defaultConfigurationName = Release;
		};
/* End XCConfigurationList section */
	};
	rootObject = 83CBB9F71A601CBA00E9B192 /* Project object */;
}
